
Microsoft Visual Studio Solution File, Format Version 12.00
# Visual Studio 15
VisualStudioVersion = 15.0.27428.1
MinimumVisualStudioVersion = 10.0.40219.1
Project("{9092AA53-FB77-4645-B42D-1CCCA6BD08BD}") = "Medien2", "Medien2\Medien2.njsproj", "{F2B151D7-39AA-4BD3-B7E8-D652FC68B61B}"
EndProject
Global
	GlobalSection(SolutionConfigurationPlatforms) = preSolution
		Debug|Any CPU = Debug|Any CPU
		Release|Any CPU = Release|Any CPU
	EndGlobalSection
	GlobalSection(ProjectConfigurationPlatforms) = postSolution
		{F2B151D7-39AA-4BD3-B7E8-D652FC68B61B}.Debug|Any CPU.ActiveCfg = Debug|Any CPU
		{F2B151D7-39AA-4BD3-B7E8-D652FC68B61B}.Debug|Any CPU.Build.0 = Debug|Any CPU
		{F2B151D7-39AA-4BD3-B7E8-D652FC68B61B}.Release|Any CPU.ActiveCfg = Release|Any CPU
		{F2B151D7-39AA-4BD3-B7E8-D652FC68B61B}.Release|Any CPU.Build.0 = Release|Any CPU
	EndGlobalSection
	GlobalSection(SolutionProperties) = preSolution
		HideSolutionNode = FALSE
	EndGlobalSection
	GlobalSection(ExtensibilityGlobals) = postSolution
		SolutionGuid = {0C06F6DC-534D-40CB-B943-99AB4F989925}
	EndGlobalSection
EndGlobal
